
Microsoft Visual Studio Solution File, Format Version 12.00
# Visual Studio Version 16
VisualStudioVersion = 16.0.30413.136
MinimumVisualStudioVersion = 10.0.40219.1
Project("{FAE04EC0-301F-11D3-BF4B-00C04F79EFBC}") = "MVVMDitsApp", "MVVMDitsApp\MVVMDitsApp.csproj", "{93BF5991-A39E-466E-88D7-AE4A4CD99059}"
EndProject
Global
	GlobalSection(SolutionConfigurationPlatforms) = preSolution
		Debug|Any CPU = Debug|Any CPU
		Release|Any CPU = Release|Any CPU
	EndGlobalSection
	GlobalSection(ProjectConfigurationPlatforms) = postSolution
		{93BF5991-A39E-466E-88D7-AE4A4CD99059}.Debug|Any CPU.ActiveCfg = Debug|Any CPU
		{93BF5991-A39E-466E-88D7-AE4A4CD99059}.Debug|Any CPU.Build.0 = Debug|Any CPU
		{93BF5991-A39E-466E-88D7-AE4A4CD99059}.Release|Any CPU.ActiveCfg = Release|Any CPU
		{93BF5991-A39E-466E-88D7-AE4A4CD99059}.Release|Any CPU.Build.0 = Release|Any CPU
	EndGlobalSection
	GlobalSection(SolutionProperties) = preSolution
		HideSolutionNode = FALSE
	EndGlobalSection
	GlobalSection(ExtensibilityGlobals) = postSolution
		SolutionGuid = {DA8BD609-C322-4998-B066-0CB806E29387}
	EndGlobalSection
EndGlobal
